
Microsoft Visual Studio Solution File, Format Version 12.00
# Visual Studio 2017
Project("{FAE04EC0-301F-11D3-BF4B-00C04F79EFBC}") = "powerup-tutorial-starter", "powerup-tutorial-starter.csproj", "{9CD9CF55-F845-F189-8828-4368FDDC7861}"
EndProject
Project("{FAE04EC0-301F-11D3-BF4B-00C04F79EFBC}") = "powerup-tutorial-starter.Editor", "powerup-tutorial-starter.Editor.csproj", "{02C58C95-466A-2C7A-23D0-EA18D4AF3300}"
EndProject
Global
	GlobalSection(SolutionConfigurationPlatforms) = preSolution
		Debug|Any CPU = Debug|Any CPU
		Release|Any CPU = Release|Any CPU
	EndGlobalSection
	GlobalSection(ProjectConfigurationPlatforms) = postSolution
		{9CD9CF55-F845-F189-8828-4368FDDC7861}.Debug|Any CPU.ActiveCfg = Debug|Any CPU
		{9CD9CF55-F845-F189-8828-4368FDDC7861}.Debug|Any CPU.Build.0 = Debug|Any CPU
		{9CD9CF55-F845-F189-8828-4368FDDC7861}.Release|Any CPU.ActiveCfg = Release|Any CPU
		{9CD9CF55-F845-F189-8828-4368FDDC7861}.Release|Any CPU.Build.0 = Release|Any CPU
		{02C58C95-466A-2C7A-23D0-EA18D4AF3300}.Debug|Any CPU.ActiveCfg = Debug|Any CPU
		{02C58C95-466A-2C7A-23D0-EA18D4AF3300}.Debug|Any CPU.Build.0 = Debug|Any CPU
		{02C58C95-466A-2C7A-23D0-EA18D4AF3300}.Release|Any CPU.ActiveCfg = Release|Any CPU
		{02C58C95-466A-2C7A-23D0-EA18D4AF3300}.Release|Any CPU.Build.0 = Release|Any CPU
	EndGlobalSection
	GlobalSection(SolutionProperties) = preSolution
		HideSolutionNode = FALSE
	EndGlobalSection
EndGlobal
